PODS:
  - Introspect (0.1.4)
  - SwiftShell (5.1.0)

DEPENDENCIES:
  - Introspect
  - SwiftShell (>= 5.1.0)

SPEC REPOS:
  trunk:
    - Introspect
    - SwiftShell

SPEC CHECKSUMS:
  Introspect: b62c4dd2063072327c21d618ef2bedc3c87bc366
  SwiftShell: 0c2c6f2fcfc210e84a7b06390581923e2aab2ec7

PODFILE CHECKSUM: 9994a34053959090e54450e76439c05ef04db6fc

COCOAPODS: 1.11.2
